
Microsoft Visual Studio Solution File, Format Version 12.00
# Visual Studio Version 17
VisualStudioVersion = 17.5.33516.290
MinimumVisualStudioVersion = 10.0.40219.1
Project("{FAE04EC0-301F-11D3-BF4B-00C04F79EFBC}") = "Method of Branches and Boundaries", "Method of Branches and Boundaries\Method of Branches and Boundaries.csproj", "{B9972D2C-F884-406A-9B59-EE3E0D841629}"
EndProject
Global
	GlobalSection(SolutionConfigurationPlatforms) = preSolution
		Debug|Any CPU = Debug|Any CPU
		Release|Any CPU = Release|Any CPU
	EndGlobalSection
	GlobalSection(ProjectConfigurationPlatforms) = postSolution
		{B9972D2C-F884-406A-9B59-EE3E0D841629}.Debug|Any CPU.ActiveCfg = Debug|Any CPU
		{B9972D2C-F884-406A-9B59-EE3E0D841629}.Debug|Any CPU.Build.0 = Debug|Any CPU
		{B9972D2C-F884-406A-9B59-EE3E0D841629}.Release|Any CPU.ActiveCfg = Release|Any CPU
		{B9972D2C-F884-406A-9B59-EE3E0D841629}.Release|Any CPU.Build.0 = Release|Any CPU
	EndGlobalSection
	GlobalSection(SolutionProperties) = preSolution
		HideSolutionNode = FALSE
	EndGlobalSection
	GlobalSection(ExtensibilityGlobals) = postSolution
		SolutionGuid = {A1E5367B-2342-474B-BCDF-1D193CE974CE}
	EndGlobalSection
EndGlobal
